
Microsoft Visual Studio Solution File, Format Version 12.00
# Visual Studio 15
VisualStudioVersion = 15.0.27130.2020
MinimumVisualStudioVersion = 10.0.40219.1
Project("{FAE04EC0-301F-11D3-BF4B-00C04F79EFBC}") = "JG_DatabaseAssignment", "JG_DatabaseAssignment\JG_DatabaseAssignment.csproj", "{377FB1F6-7375-461B-8EC8-7520D82D50F1}"
EndProject
Global
	GlobalSection(SolutionConfigurationPlatforms) = preSolution
		Debug|Any CPU = Debug|Any CPU
		Release|Any CPU = Release|Any CPU
	EndGlobalSection
	GlobalSection(ProjectConfigurationPlatforms) = postSolution
		{377FB1F6-7375-461B-8EC8-7520D82D50F1}.Debug|Any CPU.ActiveCfg = Debug|Any CPU
		{377FB1F6-7375-461B-8EC8-7520D82D50F1}.Debug|Any CPU.Build.0 = Debug|Any CPU
		{377FB1F6-7375-461B-8EC8-7520D82D50F1}.Release|Any CPU.ActiveCfg = Release|Any CPU
		{377FB1F6-7375-461B-8EC8-7520D82D50F1}.Release|Any CPU.Build.0 = Release|Any CPU
	EndGlobalSection
	GlobalSection(SolutionProperties) = preSolution
		HideSolutionNode = FALSE
	EndGlobalSection
	GlobalSection(ExtensibilityGlobals) = postSolution
		SolutionGuid = {6A607367-E0A7-4022-8BB4-A9AD5542231B}
	EndGlobalSection
EndGlobal
